{
    "hash": "747e4ff18c53345ea64a0874382af4fd",
    "packages": [
        {
            "name": "tdd-php/lib-simple-calc",
            "version": "dev-master",
            "target-dir": "Gajdaw/TddExamples/SimpleCalc",
            "source": {
                "type": "git",
                "url": "git@github.com:tdd-php/lib-simple-calc.git",
                "reference": "81864cf9502e7db44c01970e3c2accb17934d63d"
            },
            "require": {
                "php": ">=5.3.3"
            },
            "type": "library",
            "autoload": {
                "psr-0": {
                    "Gajdaw\\TddExamples\\SimpleCalc": ""
                }
            },
            "license": [
                "MIT"
            ],
            "authors": [
                {
                    "name": "Włodzimierz Gajda",
                    "email": "gajdaw@gajdaw.pl"
                }
            ],
            "description": "Example math operations: addition, subtraction, multiplication, division",
            "time": "2013-03-05 17:01:55"
        }
    ],
    "packages-dev": null,
    "aliases": [

    ],
    "minimum-stability": "stable",
    "stability-flags": {
        "tdd-php/lib-simple-calc": 20
    }
}
